
Microsoft Visual Studio Solution File, Format Version 12.00
# Visual Studio Version 17
VisualStudioVersion = 17.1.32210.238
MinimumVisualStudioVersion = 10.0.40219.1
Project("{9A19103F-16F7-4668-BE54-9A1E7A4F7556}") = "InvestmentsPortfolioAPI", "InvestmentsPortfolioAPI\InvestmentsPortfolioAPI.csproj", "{7926AD5F-9A6A-4AC4-BC36-1D89B38D44B7}"
EndProject
Project("{9A19103F-16F7-4668-BE54-9A1E7A4F7556}") = "InvestimentsPortfolio.Tests", "InvestimentsPortfolio.Tests\InvestimentsPortfolio.Tests.csproj", "{1934B52D-C360-4170-A242-3C3ED66AA855}"
EndProject
Global
	GlobalSection(SolutionConfigurationPlatforms) = preSolution
		Debug|Any CPU = Debug|Any CPU
		Release|Any CPU = Release|Any CPU
	EndGlobalSection
	GlobalSection(ProjectConfigurationPlatforms) = postSolution
		{7926AD5F-9A6A-4AC4-BC36-1D89B38D44B7}.Debug|Any CPU.ActiveCfg = Debug|Any CPU
		{7926AD5F-9A6A-4AC4-BC36-1D89B38D44B7}.Debug|Any CPU.Build.0 = Debug|Any CPU
		{7926AD5F-9A6A-4AC4-BC36-1D89B38D44B7}.Release|Any CPU.ActiveCfg = Release|Any CPU
		{7926AD5F-9A6A-4AC4-BC36-1D89B38D44B7}.Release|Any CPU.Build.0 = Release|Any CPU
		{1934B52D-C360-4170-A242-3C3ED66AA855}.Debug|Any CPU.ActiveCfg = Debug|Any CPU
		{1934B52D-C360-4170-A242-3C3ED66AA855}.Debug|Any CPU.Build.0 = Debug|Any CPU
		{1934B52D-C360-4170-A242-3C3ED66AA855}.Release|Any CPU.ActiveCfg = Release|Any CPU
		{1934B52D-C360-4170-A242-3C3ED66AA855}.Release|Any CPU.Build.0 = Release|Any CPU
	EndGlobalSection
	GlobalSection(SolutionProperties) = preSolution
		HideSolutionNode = FALSE
	EndGlobalSection
	GlobalSection(ExtensibilityGlobals) = postSolution
		SolutionGuid = {EA134580-F10E-427F-9285-52E9EAA4DCF2}
	EndGlobalSection
EndGlobal
